// !$*UTF8*$!
{
	archiveVersion = 1;
	classes = {
	};
	objectVersion = 55;
	objects = {

/* Begin PBXBuildFile section */
		962D46D027A267D60045CB5E /* AspectVGrid.swift in Sources */ = {isa = PBXBuildFile; fileRef = 962D46CF27A267D60045CB5E /* AspectVGrid.swift */; };
		9675F65627A1BE2700B39126 /* MemorizeApp.swift in Sources */ = {isa = PBXBuildFile; fileRef = 9675F65527A1BE2700B39126 /* MemorizeApp.swift */; };
		9694E78527ACE69E004D527E /* SetGame.swift in Sources */ = {isa = PBXBuildFile; fileRef = 9694E78427ACE69E004D527E /* SetGame.swift */; };
		9694E7A327B0AF3F004D527E /* SquareSetGame.swift in Sources */ = {isa = PBXBuildFile; fileRef = 9694E7A227B0AF3F004D527E /* SquareSetGame.swift */; };
		9694E7A527B0B00D004D527E /* SquareSetGameView.swift in Sources */ = {isa = PBXBuildFile; fileRef = 9694E7A427B0B00D004D527E /* SquareSetGameView.swift */; };
		9694E7A727B0B05E004D527E /* CardView.swift in Sources */ = {isa = PBXBuildFile; fileRef = 9694E7A627B0B05E004D527E /* CardView.swift */; };
		9694E7A927B0B069004D527E /* Diamond.swift in Sources */ = {isa = PBXBuildFile; fileRef = 9694E7A827B0B069004D527E /* Diamond.swift */; };
		9694E7AB27B0B07C004D527E /* Squiggle.swift in Sources */ = {isa = PBXBuildFile; fileRef = 9694E7AA27B0B07C004D527E /* Squiggle.swift */; };
		9694E7AD27B0B08A004D527E /* Stripes.swift in Sources */ = {isa = PBXBuildFile; fileRef = 9694E7AC27B0B08A004D527E /* Stripes.swift */; };
		F86DB92F279E8402008A4B54 /* Assets.xcassets in Resources */ = {isa = PBXBuildFile; fileRef = F86DB92E279E8402008A4B54 /* Assets.xcassets */; };
		F86DB932279E8402008A4B54 /* Preview Assets.xcassets in Resources */ = {isa = PBXBuildFile; fileRef = F86DB931279E8402008A4B54 /* Preview Assets.xcassets */; };
/* End PBXBuildFile section */

/* Begin PBXFileReference section */
		962D46CF27A267D60045CB5E /* AspectVGrid.swift */ = {isa = PBXFileReference; lastKnownFileType = sourcecode.swift; path = AspectVGrid.swift; sourceTree = "<group>"; };
		9675F65527A1BE2700B39126 /* MemorizeApp.swift */ = {isa = PBXFileReference; lastKnownFileType = sourcecode.swift; path = MemorizeApp.swift; sourceTree = "<group>"; };
		9694E78427ACE69E004D527E /* SetGame.swift */ = {isa = PBXFileReference; lastKnownFileType = sourcecode.swift; path = SetGame.swift; sourceTree = "<group>"; };
		9694E7A227B0AF3F004D527E /* SquareSetGame.swift */ = {isa = PBXFileReference; lastKnownFileType = sourcecode.swift; path = SquareSetGame.swift; sourceTree = "<group>"; };
		9694E7A427B0B00D004D527E /* SquareSetGameView.swift */ = {isa = PBXFileReference; lastKnownFileType = sourcecode.swift; path = SquareSetGameView.swift; sourceTree = "<group>"; };
		9694E7A627B0B05E004D527E /* CardView.swift */ = {isa = PBXFileReference; lastKnownFileType = sourcecode.swift; path = CardView.swift; sourceTree = "<group>"; };
		9694E7A827B0B069004D527E /* Diamond.swift */ = {isa = PBXFileReference; lastKnownFileType = sourcecode.swift; path = Diamond.swift; sourceTree = "<group>"; };
		9694E7AA27B0B07C004D527E /* Squiggle.swift */ = {isa = PBXFileReference; lastKnownFileType = sourcecode.swift; path = Squiggle.swift; sourceTree = "<group>"; };
		9694E7AC27B0B08A004D527E /* Stripes.swift */ = {isa = PBXFileReference; lastKnownFileType = sourcecode.swift; path = Stripes.swift; sourceTree = "<group>"; };
		F86DB927279E83FE008A4B54 /* Memorize.app */ = {isa = PBXFileReference; explicitFileType = wrapper.application; includeInIndex = 0; path = Memorize.app; sourceTree = BUILT_PRODUCTS_DIR; };
		F86DB92E279E8402008A4B54 /* Assets.xcassets */ = {isa = PBXFileReference; lastKnownFileType = folder.assetcatalog; path = Assets.xcassets; sourceTree = "<group>"; };
		F86DB931279E8402008A4B54 /* Preview Assets.xcassets */ = {isa = PBXFileReference; lastKnownFileType = folder.assetcatalog; name = "Preview Assets.xcassets"; path = "Memorize/Preview Content/Preview Assets.xcassets"; sourceTree = SOURCE_ROOT; };
/* End PBXFileReference section */

/* Begin PBXFrameworksBuildPhase section */
		F86DB924279E83FE008A4B54 /* Frameworks */ = {
			isa = PBXFrameworksBuildPhase;
			buildActionMask = 2147483647;
			files = (
			);
			runOnlyForDeploymentPostprocessing = 0;
		};
/* End PBXFrameworksBuildPhase section */

/* Begin PBXGroup section */
		9694E78627ACE6BA004D527E /* ViewModel */ = {
			isa = PBXGroup;
			children = (
				9694E7A227B0AF3F004D527E /* SquareSetGame.swift */,
			);
			path = ViewModel;
			sourceTree = "<group>";
		};
		9694E78727ACE6D2004D527E /* Model */ = {
			isa = PBXGroup;
			children = (
				9694E78427ACE69E004D527E /* SetGame.swift */,
			);
			path = Model;
			sourceTree = "<group>";
		};
		9694E78827ACE6ED004D527E /* View */ = {
			isa = PBXGroup;
			children = (
				962D46CF27A267D60045CB5E /* AspectVGrid.swift */,
				9694E7A427B0B00D004D527E /* SquareSetGameView.swift */,
				9694E7A627B0B05E004D527E /* CardView.swift */,
				9694E7A827B0B069004D527E /* Diamond.swift */,
				9694E7AA27B0B07C004D527E /* Squiggle.swift */,
				9694E7AC27B0B08A004D527E /* Stripes.swift */,
			);
			path = View;
			sourceTree = "<group>";
		};
		F86DB91E279E83FE008A4B54 = {
			isa = PBXGroup;
			children = (
				F86DB929279E83FE008A4B54 /* Memorize */,
				F86DB928279E83FE008A4B54 /* Products */,
			);
			sourceTree = "<group>";
		};
		F86DB928279E83FE008A4B54 /* Products */ = {
			isa = PBXGroup;
			children = (
				F86DB927279E83FE008A4B54 /* Memorize.app */,
			);
			name = Products;
			sourceTree = "<group>";
		};
		F86DB929279E83FE008A4B54 /* Memorize */ = {
			isa = PBXGroup;
			children = (
				9675F65527A1BE2700B39126 /* MemorizeApp.swift */,
				F86DB92E279E8402008A4B54 /* Assets.xcassets */,
				9694E78727ACE6D2004D527E /* Model */,
				F86DB930279E8402008A4B54 /* Preview Content */,
				9694E78827ACE6ED004D527E /* View */,
				9694E78627ACE6BA004D527E /* ViewModel */,
			);
			path = Memorize;
			sourceTree = "<group>";
		};
		F86DB930279E8402008A4B54 /* Preview Content */ = {
			isa = PBXGroup;
			children = (
				F86DB931279E8402008A4B54 /* Preview Assets.xcassets */,
			);
			path = "Preview Content";
			sourceTree = "<group>";
		};
/* End PBXGroup section */

/* Begin PBXNativeTarget section */
		F86DB926279E83FE008A4B54 /* Memorize */ = {
			isa = PBXNativeTarget;
			buildConfigurationList = F86DB935279E8402008A4B54 /* Build configuration list for PBXNativeTarget "Memorize" */;
			buildPhases = (
				F86DB923279E83FE008A4B54 /* Sources */,
				F86DB924279E83FE008A4B54 /* Frameworks */,
				F86DB925279E83FE008A4B54 /* Resources */,
			);
			buildRules = (
			);
			dependencies = (
			);
			name = Memorize;
			productName = Memorize;
			productReference = F86DB927279E83FE008A4B54 /* Memorize.app */;
			productType = "com.apple.product-type.application";
		};
/* End PBXNativeTarget section */

/* Begin PBXProject section */
		F86DB91F279E83FE008A4B54 /* Project object */ = {
			isa = PBXProject;
			attributes = {
				BuildIndependentTargetsInParallel = 1;
				LastSwiftUpdateCheck = 1320;
				LastUpgradeCheck = 1320;
				TargetAttributes = {
					F86DB926279E83FE008A4B54 = {
						CreatedOnToolsVersion = 13.2.1;
					};
				};
			};
			buildConfigurationList = F86DB922279E83FE008A4B54 /* Build configuration list for PBXProject "Memorize" */;
			compatibilityVersion = "Xcode 13.0";
			developmentRegion = en;
			hasScannedForEncodings = 0;
			knownRegions = (
				en,
				Base,
			);
			mainGroup = F86DB91E279E83FE008A4B54;
			productRefGroup = F86DB928279E83FE008A4B54 /* Products */;
			projectDirPath = "";
			projectRoot = "";
			targets = (
				F86DB926279E83FE008A4B54 /* Memorize */,
			);
		};
/* End PBXProject section */

/* Begin PBXResourcesBuildPhase section */
		F86DB925279E83FE008A4B54 /* Resources */ = {
			isa = PBXResourcesBuildPhase;
			buildActionMask = 2147483647;
			files = (
				F86DB932279E8402008A4B54 /* Preview Assets.xcassets in Resources */,
				F86DB92F279E8402008A4B54 /* Assets.xcassets in Resources */,
			);
			runOnlyForDeploymentPostprocessing = 0;
		};
/* End PBXResourcesBuildPhase section */

/* Begin PBXSourcesBuildPhase section */
		F86DB923279E83FE008A4B54 /* Sources */ = {
			isa = PBXSourcesBuildPhase;
			buildActionMask = 2147483647;
			files = (
				9694E7A527B0B00D004D527E /* SquareSetGameView.swift in Sources */,
				9694E7AD27B0B08A004D527E /* Stripes.swift in Sources */,
				9694E7A327B0AF3F004D527E /* SquareSetGame.swift in Sources */,
				9694E7AB27B0B07C004D527E /* Squiggle.swift in Sources */,
				9675F65627A1BE2700B39126 /* MemorizeApp.swift in Sources */,
				9694E7A927B0B069004D527E /* Diamond.swift in Sources */,
				962D46D027A267D60045CB5E /* AspectVGrid.swift in Sources */,
				9694E7A727B0B05E004D527E /* CardView.swift in Sources */,
				9694E78527ACE69E004D527E /* SetGame.swift in Sources */,
			);
			runOnlyForDeploymentPostprocessing = 0;
		};
/* End PBXSourcesBuildPhase section */

/* Begin XCBuildConfiguration section */
		F86DB933279E8402008A4B54 /* Debug */ = {
			isa = XCBuildConfiguration;
			buildSettings = {
				ALWAYS_SEARCH_USER_PATHS = NO;
				CLANG_ANALYZER_NONNULL = YES;
				CLANG_ANALYZER_NUMBER_OBJECT_CONVERSION = YES_AGGRESSIVE;
				CLANG_CXX_LANGUAGE_STANDARD = "gnu++17";
				CLANG_CXX_LIBRARY = "libc++";
				CLANG_ENABLE_MODULES = YES;
				CLANG_ENABLE_OBJC_ARC = YES;
				CLANG_ENABLE_OBJC_WEAK = YES;
				CLANG_WARN_BLOCK_CAPTURE_AUTORELEASING = YES;
				CLANG_WARN_BOOL_CONVERSION = YES;
				CLANG_WARN_COMMA = YES;
				CLANG_WARN_CONSTANT_CONVERSION = YES;
				CLANG_WARN_DEPRECATED_OBJC_IMPLEMENTATIONS = YES;
				CLANG_WARN_DIRECT_OBJC_ISA_USAGE = YES_ERROR;
				CLANG_WARN_DOCUMENTATION_COMMENTS = YES;
				CLANG_WARN_EMPTY_BODY = YES;
				CLANG_WARN_ENUM_CONVERSION = YES;
				CLANG_WARN_INFINITE_RECURSION = YES;
				CLANG_WARN_INT_CONVERSION = YES;
				CLANG_WARN_NON_LITERAL_NULL_CONVERSION = YES;
				CLANG_WARN_OBJC_IMPLICIT_RETAIN_SELF = YES;
				CLANG_WARN_OBJC_LITERAL_CONVERSION = YES;
				CLANG_WARN_OBJC_ROOT_CLASS = YES_ERROR;
				CLANG_WARN_QUOTED_INCLUDE_IN_FRAMEWORK_HEADER = YES;
				CLANG_WARN_RANGE_LOOP_ANALYSIS = YES;
				CLANG_WARN_STRICT_PROTOTYPES = YES;
				CLANG_WARN_SUSPICIOUS_MOVE = YES;
				CLANG_WARN_UNGUARDED_AVAILABILITY = YES_AGGRESSIVE;
				CLANG_WARN_UNREACHABLE_CODE = YES;
				CLANG_WARN__DUPLICATE_METHOD_MATCH = YES;
				COPY_PHASE_STRIP = NO;
				DEBUG_INFORMATION_FORMAT = dwarf;
				ENABLE_STRICT_OBJC_MSGSEND = YES;
				ENABLE_TESTABILITY = YES;
				GCC_C_LANGUAGE_STANDARD = gnu11;
				GCC_DYNAMIC_NO_PIC = NO;
				GCC_NO_COMMON_BLOCKS = YES;
				GCC_OPTIMIZATION_LEVEL = 0;
				GCC_PREPROCESSOR_DEFINITIONS = (
					"DEBUG=1",
					"$(inherited)",
				);
				GCC_WARN_64_TO_32_BIT_CONVERSION = YES;
				GCC_WARN_ABOUT_RETURN_TYPE = YES_ERROR;
				GCC_WARN_UNDECLARED_SELECTOR = YES;
				GCC_WARN_UNINITIALIZED_AUTOS = YES_AGGRESSIVE;
				GCC_WARN_UNUSED_FUNCTION = YES;
				GCC_WARN_UNUSED_VARIABLE = YES;
				IPHONEOS_DEPLOYMENT_TARGET = 13.0;
				MTL_ENABLE_DEBUG_INFO = INCLUDE_SOURCE;
				MTL_FAST_MATH = YES;
				ONLY_ACTIVE_ARCH = YES;
				SDKROOT = iphoneos;
				SWIFT_ACTIVE_COMPILATION_CONDITIONS = DEBUG;
				SWIFT_OPTIMIZATION_LEVEL = "-Onone";
			};
			name = Debug;
		};
		F86DB934279E8402008A4B54 /* Release */ = {
			isa = XCBuildConfiguration;
			buildSettings = {
				ALWAYS_SEARCH_USER_PATHS = NO;
				CLANG_ANALYZER_NONNULL = YES;
				CLANG_ANALYZER_NUMBER_OBJECT_CONVERSION = YES_AGGRESSIVE;
				CLANG_CXX_LANGUAGE_STANDARD = "gnu++17";
				CLANG_CXX_LIBRARY = "libc++";
				CLANG_ENABLE_MODULES = YES;
				CLANG_ENABLE_OBJC_ARC = YES;
				CLANG_ENABLE_OBJC_WEAK = YES;
				CLANG_WARN_BLOCK_CAPTURE_AUTORELEASING = YES;
				CLANG_WARN_BOOL_CONVERSION = YES;
				CLANG_WARN_COMMA = YES;
				CLANG_WARN_CONSTANT_CONVERSION = YES;
				CLANG_WARN_DEPRECATED_OBJC_IMPLEMENTATIONS = YES;
				CLANG_WARN_DIRECT_OBJC_ISA_USAGE = YES_ERROR;
				CLANG_WARN_DOCUMENTATION_COMMENTS = YES;
				CLANG_WARN_EMPTY_BODY = YES;
				CLANG_WARN_ENUM_CONVERSION = YES;
				CLANG_WARN_INFINITE_RECURSION = YES;
				CLANG_WARN_INT_CONVERSION = YES;
				CLANG_WARN_NON_LITERAL_NULL_CONVERSION = YES;
				CLANG_WARN_OBJC_IMPLICIT_RETAIN_SELF = YES;
				CLANG_WARN_OBJC_LITERAL_CONVERSION = YES;
				CLANG_WARN_OBJC_ROOT_CLASS = YES_ERROR;
				CLANG_WARN_QUOTED_INCLUDE_IN_FRAMEWORK_HEADER = YES;
				CLANG_WARN_RANGE_LOOP_ANALYSIS = YES;
				CLANG_WARN_STRICT_PROTOTYPES = YES;
				CLANG_WARN_SUSPICIOUS_MOVE = YES;
				CLANG_WARN_UNGUARDED_AVAILABILITY = YES_AGGRESSIVE;
				CLANG_WARN_UNREACHABLE_CODE = YES;
				CLANG_WARN__DUPLICATE_METHOD_MATCH = YES;
				COPY_PHASE_STRIP = NO;
				DEBUG_INFORMATION_FORMAT = "dwarf-with-dsym";
				ENABLE_NS_ASSERTIONS = NO;
				ENABLE_STRICT_OBJC_MSGSEND = YES;
				GCC_C_LANGUAGE_STANDARD = gnu11;
				GCC_NO_COMMON_BLOCKS = YES;
				GCC_WARN_64_TO_32_BIT_CONVERSION = YES;
				GCC_WARN_ABOUT_RETURN_TYPE = YES_ERROR;
				GCC_WARN_UNDECLARED_SELECTOR = YES;
				GCC_WARN_UNINITIALIZED_AUTOS = YES_AGGRESSIVE;
				GCC_WARN_UNUSED_FUNCTION = YES;
				GCC_WARN_UNUSED_VARIABLE = YES;
				IPHONEOS_DEPLOYMENT_TARGET = 13.0;
				MTL_ENABLE_DEBUG_INFO = NO;
				MTL_FAST_MATH = YES;
				SDKROOT = iphoneos;
				SWIFT_COMPILATION_MODE = wholemodule;
				SWIFT_OPTIMIZATION_LEVEL = "-O";
				VALIDATE_PRODUCT = YES;
			};
			name = Release;
		};
		F86DB936279E8402008A4B54 /* Debug */ = {
			isa = XCBuildConfiguration;
			buildSettings = {
				ASSETCATALOG_COMPILER_APPICON_NAME = AppIcon;
				ASSETCATALOG_COMPILER_GLOBAL_ACCENT_COLOR_NAME = AccentColor;
				CODE_SIGN_STYLE = Automatic;
				CURRENT_PROJECT_VERSION = 1;
				DEVELOPMENT_ASSET_PATHS = "\"Memorize/Preview Content\"";
				ENABLE_PREVIEWS = YES;
				GENERATE_INFOPLIST_FILE = YES;
				INFOPLIST_KEY_UIApplicationSceneManifest_Generation = YES;
				INFOPLIST_KEY_UIApplicationSupportsIndirectInputEvents = YES;
				INFOPLIST_KEY_UILaunchScreen_Generation = YES;
				INFOPLIST_KEY_UISupportedInterfaceOrientations_iPad = "UIInterfaceOrientationPortrait UIInterfaceOrientationPortraitUpsideDown UIInterfaceOrientationLandscapeLeft UIInterfaceOrientationLandscapeRight";
				INFOPLIST_KEY_UISupportedInterfaceOrientations_iPhone = "UIInterfaceOrientationPortrait UIInterfaceOrientationLandscapeLeft UIInterfaceOrientationLandscapeRight";
				IPHONEOS_DEPLOYMENT_TARGET = 15.2;
				LD_RUNPATH_SEARCH_PATHS = (
					"$(inherited)",
					"@executable_path/Frameworks",
				);
				MARKETING_VERSION = 1.0;
				PRODUCT_BUNDLE_IDENTIFIER = com.chatmeeboon.krit.Memorize;
				PRODUCT_NAME = "$(TARGET_NAME)";
				SWIFT_EMIT_LOC_STRINGS = YES;
				SWIFT_VERSION = 5.0;
				TARGETED_DEVICE_FAMILY = "1,2";
			};
			name = Debug;
		};
		F86DB937279E8402008A4B54 /* Release */ = {
			isa = XCBuildConfiguration;
			buildSettings = {
				ASSETCATALOG_COMPILER_APPICON_NAME = AppIcon;
				ASSETCATALOG_COMPILER_GLOBAL_ACCENT_COLOR_NAME = AccentColor;
				CODE_SIGN_STYLE = Automatic;
				CURRENT_PROJECT_VERSION = 1;
				DEVELOPMENT_ASSET_PATHS = "\"Memorize/Preview Content\"";
				ENABLE_PREVIEWS = YES;
				GENERATE_INFOPLIST_FILE = YES;
				INFOPLIST_KEY_UIApplicationSceneManifest_Generation = YES;
				INFOPLIST_KEY_UIApplicationSupportsIndirectInputEvents = YES;
				INFOPLIST_KEY_UILaunchScreen_Generation = YES;
				INFOPLIST_KEY_UISupportedInterfaceOrientations_iPad = "UIInterfaceOrientationPortrait UIInterfaceOrientationPortraitUpsideDown UIInterfaceOrientationLandscapeLeft UIInterfaceOrientationLandscapeRight";
				INFOPLIST_KEY_UISupportedInterfaceOrientations_iPhone = "UIInterfaceOrientationPortrait UIInterfaceOrientationLandscapeLeft UIInterfaceOrientationLandscapeRight";
				IPHONEOS_DEPLOYMENT_TARGET = 15.2;
				LD_RUNPATH_SEARCH_PATHS = (
					"$(inherited)",
					"@executable_path/Frameworks",
				);
				MARKETING_VERSION = 1.0;
				PRODUCT_BUNDLE_IDENTIFIER = com.chatmeeboon.krit.Memorize;
				PRODUCT_NAME = "$(TARGET_NAME)";
				SWIFT_EMIT_LOC_STRINGS = YES;
				SWIFT_VERSION = 5.0;
				TARGETED_DEVICE_FAMILY = "1,2";
			};
			name = Release;
		};
/* End XCBuildConfiguration section */

/* Begin XCConfigurationList section */
		F86DB922279E83FE008A4B54 /* Build configuration list for PBXProject "Memorize" */ = {
			isa = XCConfigurationList;
			buildConfigurations = (
				F86DB933279E8402008A4B54 /* Debug */,
				F86DB934279E8402008A4B54 /* Release */,
			);
			defaultConfigurationIsVisible = 0;
			defaultConfigurationName = Release;
		};
		F86DB935279E8402008A4B54 /* Build configuration list for PBXNativeTarget "Memorize" */ = {
			isa = XCConfigurationList;
			buildConfigurations = (
				F86DB936279E8402008A4B54 /* Debug */,
				F86DB937279E8402008A4B54 /* Release */,
			);
			defaultConfigurationIsVisible = 0;
			defaultConfigurationName = Release;
		};
/* End XCConfigurationList section */
	};
	rootObject = F86DB91F279E83FE008A4B54 /* Project object */;
}
